<Solution>
  <Project Path="../Class 2th (Parameter Modifier)/Class 2th (Parameter Modifier).csproj" Id="d1c41054-7b26-48e3-831b-31cc73bc9f4a" />
  <Project Path="../Class 4th (Interface)/Class 4th (Interface).csproj" Id="bea8177c-bdb9-463f-be13-a9ccffb7791d" />
  <Project Path="Class 1th (Garbage Collection)/Class 1th (Garbage Collection).csproj" Id="7224d238-0126-47b5-a588-fc5afbe8fe82" />
  <Project Path="Class 3th (Abstract Class)/Class 3th (Abstract Class).csproj" Id="0668b778-065f-4796-9437-18672632ad47" />
  <Project Path="Program(C#).csproj" />
</Solution>
